
Microsoft Visual Studio Solution File, Format Version 12.00
# Visual Studio Version 17
VisualStudioVersion = 17.4.33110.190
MinimumVisualStudioVersion = 10.0.40219.1
Project("{2150E333-8FDC-42A3-9474-1A3956D46DE8}") = "Learn_200", "Learn_200", "{E2EDAA0B-BA3D-42C5-A931-0B8386E8992A}"
EndProject
Project("{2150E333-8FDC-42A3-9474-1A3956D46DE8}") = "Learn_100", "Learn_100", "{9BF22297-C1F4-43AA-B1AE-CB3921BA6E5F}"
EndProject
Project("{FAE04EC0-301F-11D3-BF4B-00C04F79EFBC}") = "Dtat", "Learn_100\Dtat\Dtat.csproj", "{EC3A6D8A-E6B3-4ED5-89D2-704BD46CA303}"
EndProject
Project("{9A19103F-16F7-4668-BE54-9A1E7A4F7556}") = "Dtat.Tests", "Learn_100\Dtat.Tests\Dtat.Tests.csproj", "{11A4FAAD-E5A2-4CED-A13B-0AC75A07B98D}"
EndProject
Project("{9A19103F-16F7-4668-BE54-9A1E7A4F7556}") = "Dtat", "Learn_200\Dtat\Dtat.csproj", "{D169790B-8E9D-4D57-B360-7FFEC98B7D5B}"
EndProject
Project("{9A19103F-16F7-4668-BE54-9A1E7A4F7556}") = "Dtat.Tests", "Learn_200\Dtat.Tests\Dtat.Tests.csproj", "{38C137EA-512B-4DA9-97AA-C5B5D2C4276C}"
EndProject
Global
	GlobalSection(SolutionConfigurationPlatforms) = preSolution
		Debug|Any CPU = Debug|Any CPU
		Release|Any CPU = Release|Any CPU
	EndGlobalSection
	GlobalSection(ProjectConfigurationPlatforms) = postSolution
		{EC3A6D8A-E6B3-4ED5-89D2-704BD46CA303}.Debug|Any CPU.ActiveCfg = Debug|Any CPU
		{EC3A6D8A-E6B3-4ED5-89D2-704BD46CA303}.Debug|Any CPU.Build.0 = Debug|Any CPU
		{EC3A6D8A-E6B3-4ED5-89D2-704BD46CA303}.Release|Any CPU.ActiveCfg = Release|Any CPU
		{EC3A6D8A-E6B3-4ED5-89D2-704BD46CA303}.Release|Any CPU.Build.0 = Release|Any CPU
		{11A4FAAD-E5A2-4CED-A13B-0AC75A07B98D}.Debug|Any CPU.ActiveCfg = Debug|Any CPU
		{11A4FAAD-E5A2-4CED-A13B-0AC75A07B98D}.Debug|Any CPU.Build.0 = Debug|Any CPU
		{11A4FAAD-E5A2-4CED-A13B-0AC75A07B98D}.Release|Any CPU.ActiveCfg = Release|Any CPU
		{11A4FAAD-E5A2-4CED-A13B-0AC75A07B98D}.Release|Any CPU.Build.0 = Release|Any CPU
		{D169790B-8E9D-4D57-B360-7FFEC98B7D5B}.Debug|Any CPU.ActiveCfg = Debug|Any CPU
		{D169790B-8E9D-4D57-B360-7FFEC98B7D5B}.Debug|Any CPU.Build.0 = Debug|Any CPU
		{D169790B-8E9D-4D57-B360-7FFEC98B7D5B}.Release|Any CPU.ActiveCfg = Release|Any CPU
		{D169790B-8E9D-4D57-B360-7FFEC98B7D5B}.Release|Any CPU.Build.0 = Release|Any CPU
		{38C137EA-512B-4DA9-97AA-C5B5D2C4276C}.Debug|Any CPU.ActiveCfg = Debug|Any CPU
		{38C137EA-512B-4DA9-97AA-C5B5D2C4276C}.Debug|Any CPU.Build.0 = Debug|Any CPU
		{38C137EA-512B-4DA9-97AA-C5B5D2C4276C}.Release|Any CPU.ActiveCfg = Release|Any CPU
		{38C137EA-512B-4DA9-97AA-C5B5D2C4276C}.Release|Any CPU.Build.0 = Release|Any CPU
	EndGlobalSection
	GlobalSection(SolutionProperties) = preSolution
		HideSolutionNode = FALSE
	EndGlobalSection
	GlobalSection(NestedProjects) = preSolution
		{EC3A6D8A-E6B3-4ED5-89D2-704BD46CA303} = {9BF22297-C1F4-43AA-B1AE-CB3921BA6E5F}
		{11A4FAAD-E5A2-4CED-A13B-0AC75A07B98D} = {9BF22297-C1F4-43AA-B1AE-CB3921BA6E5F}
		{D169790B-8E9D-4D57-B360-7FFEC98B7D5B} = {E2EDAA0B-BA3D-42C5-A931-0B8386E8992A}
		{38C137EA-512B-4DA9-97AA-C5B5D2C4276C} = {E2EDAA0B-BA3D-42C5-A931-0B8386E8992A}
	EndGlobalSection
	GlobalSection(ExtensibilityGlobals) = postSolution
		SolutionGuid = {F271E353-7E33-470C-A625-82CAA8CD4BD0}
	EndGlobalSection
EndGlobal
